
Microsoft Visual Studio Solution File, Format Version 12.00
# Visual Studio Version 16
VisualStudioVersion = 16.0.29102.190
MinimumVisualStudioVersion = 10.0.40219.1
Project("{FAE04EC0-301F-11D3-BF4B-00C04F79EFBC}") = "Exercise_TDD_FizzBuzz", "Exercise_TDD_FizzBuzz\Exercise_TDD_FizzBuzz.csproj", "{37AF4183-FC0B-45C1-BAFF-D9F531F0CBF8}"
EndProject
Project("{FAE04EC0-301F-11D3-BF4B-00C04F79EFBC}") = "Exercise_TDD_FizzBuzzTest", "Exercise_TDD_FizzBuzzTest\Exercise_TDD_FizzBuzzTest.csproj", "{8D8F44C4-4260-494F-8A70-D0F5B0CBBB4C}"
EndProject
Global
	GlobalSection(SolutionConfigurationPlatforms) = preSolution
		Debug|Any CPU = Debug|Any CPU
		Release|Any CPU = Release|Any CPU
	EndGlobalSection
	GlobalSection(ProjectConfigurationPlatforms) = postSolution
		{37AF4183-FC0B-45C1-BAFF-D9F531F0CBF8}.Debug|Any CPU.ActiveCfg = Debug|Any CPU
		{37AF4183-FC0B-45C1-BAFF-D9F531F0CBF8}.Debug|Any CPU.Build.0 = Debug|Any CPU
		{37AF4183-FC0B-45C1-BAFF-D9F531F0CBF8}.Release|Any CPU.ActiveCfg = Release|Any CPU
		{37AF4183-FC0B-45C1-BAFF-D9F531F0CBF8}.Release|Any CPU.Build.0 = Release|Any CPU
		{8D8F44C4-4260-494F-8A70-D0F5B0CBBB4C}.Debug|Any CPU.ActiveCfg = Debug|Any CPU
		{8D8F44C4-4260-494F-8A70-D0F5B0CBBB4C}.Debug|Any CPU.Build.0 = Debug|Any CPU
		{8D8F44C4-4260-494F-8A70-D0F5B0CBBB4C}.Release|Any CPU.ActiveCfg = Release|Any CPU
		{8D8F44C4-4260-494F-8A70-D0F5B0CBBB4C}.Release|Any CPU.Build.0 = Release|Any CPU
	EndGlobalSection
	GlobalSection(SolutionProperties) = preSolution
		HideSolutionNode = FALSE
	EndGlobalSection
	GlobalSection(ExtensibilityGlobals) = postSolution
		SolutionGuid = {92177003-9898-42DC-B64E-DC64CCF06827}
	EndGlobalSection
EndGlobal
